{
  "name": "notify-handler",
  "version": "0.0.0",
  "lockfileVersion": 3,
  "requires": true,
  "packages": {
    "": {
      "name": "notify-handler",
      "version": "0.0.0",
      "workspaces": [
        "packages/*"
      ],
      "devDependencies": {
        "typescript": "6.0.3"
      },
      "engines": {
        "node": "24.21.x",
        "npm": "11.19.x"
      }
    },
    "node_modules/@notify-handler/bookmakers": {
      "resolved": "packages/bookmakers",
      "link": true
    },
    "node_modules/@notify-handler/domain": {
      "resolved": "packages/domain",
      "link": true
    },
    "node_modules/typescript": {
      "version": "6.0.3",
      "resolved": "https://registry.npmjs.org/typescript/-/typescript-6.0.3.tgz",
      "integrity": "sha512-y2TvuxSZPDyQakkFRPZHKFm+KKVqIisdg9/CZwm9ftvKXLP8NRWj38/ODjNbr43SsoXqNuAisEf1GdCxqWcdBw==",
      "dev": true,
      "license": "Apache-2.0",
      "bin": {
        "tsc": "bin/tsc",
        "tsserver": "bin/tsserver"
      },
      "engines": {
        "node": ">=14.17"
      }
    },
    "packages/bookmakers": {
      "name": "@notify-handler/bookmakers",
      "private": true
    },
    "packages/domain": {
      "name": "@notify-handler/domain",
      "private": true
    }
  }
}
